
Microsoft Visual Studio Solution File, Format Version 12.00
# Visual Studio 14
VisualStudioVersion = 14.0.25420.1
MinimumVisualStudioVersion = 10.0.40219.1
Project("{2150E333-8FDC-42A3-9474-1A3956D46DE8}") = "Part 3-Essential Types", "Part 3-Essential Types", "{6231E43C-B06E-4E37-A293-DF4DB4BC02FD}"
EndProject
Project("{FAE04EC0-301F-11D3-BF4B-00C04F79EFBC}") = "Ch17-1-Delegates", "Ch17-1-Delegates\Ch17-1-Delegates.csproj", "{AD439C29-B3C4-4E64-98BA-A5B4D4EBCCFE}"
EndProject
Project("{FAE04EC0-301F-11D3-BF4B-00C04F79EFBC}") = "Ch18-1-CustomAttributes", "Ch18-1-CustomAttributes\Ch18-1-CustomAttributes.csproj", "{10AC9567-D450-446C-9E64-6499C10D8E23}"
EndProject
Project("{FAE04EC0-301F-11D3-BF4B-00C04F79EFBC}") = "Ch19-1-NullableValueAttributes", "Ch19-1-NullableValueAttributes\Ch19-1-NullableValueAttributes.csproj", "{7CC318A6-CB8A-4B76-9BBB-8C4E8088E1B7}"
EndProject
Project("{2150E333-8FDC-42A3-9474-1A3956D46DE8}") = "Part 4-Core Facilities", "Part 4-Core Facilities", "{26E5887F-44D4-4541-AE6A-B52F0398A18E}"
EndProject
Project("{FAE04EC0-301F-11D3-BF4B-00C04F79EFBC}") = "Ch20-1-ExceptionHandling", "Ch20-1-ExceptionHandling\Ch20-1-ExceptionHandling.csproj", "{A0D02971-63DC-47F3-ADA5-E037091218C6}"
EndProject
Project("{FAE04EC0-301F-11D3-BF4B-00C04F79EFBC}") = "ch21-1-GarbageCollection", "ch21-1-GarbageCollection\ch21-1-GarbageCollection.csproj", "{5A7AC43C-0E1A-4FC0-8296-6FB6DFF07963}"
EndProject
Project("{FAE04EC0-301F-11D3-BF4B-00C04F79EFBC}") = "Ch22-1-AppDomains", "Ch22-1-AppDomains\Ch22-1-AppDomains.csproj", "{77E3E79C-4A91-44E2-90D6-DEE934C4C6F8}"
EndProject
Project("{FAE04EC0-301F-11D3-BF4B-00C04F79EFBC}") = "Ch23-1-AssemblyLoadingAndReflection", "Ch23-1-AssemblyLoadingAndReflection\Ch23-1-AssemblyLoadingAndReflection.csproj", "{BCA7048D-ACDA-473B-8EA1-52A51CCCCDD5}"
EndProject
Project("{FAE04EC0-301F-11D3-BF4B-00C04F79EFBC}") = "Ch24-1-RuntimeSerialization", "Ch24-1-RuntimeSerialization\Ch24-1-RuntimeSerialization.csproj", "{DDA310FC-FACE-4123-8C50-2D1C11875742}"
EndProject
Project("{FAE04EC0-301F-11D3-BF4B-00C04F79EFBC}") = "Ch25-1-InteroperatingWithWinRTComponents", "Ch25-1-InteroperatingWithWinRTComponents\Ch25-1-InteroperatingWithWinRTComponents.csproj", "{6BBDC20C-754B-43F7-8912-ED7CAF2786A8}"
EndProject
Project("{2150E333-8FDC-42A3-9474-1A3956D46DE8}") = "Part 5-Threading", "Part 5-Threading", "{03656AD9-90E3-4E03-B54D-DBF67E45C46F}"
EndProject
Project("{FAE04EC0-301F-11D3-BF4B-00C04F79EFBC}") = "Ch26-1-ThreadBasics", "Ch26-1-ThreadBasics\Ch26-1-ThreadBasics.csproj", "{35D950AA-3ABC-4294-BEC0-72CBD389970A}"
EndProject
Global
	GlobalSection(SolutionConfigurationPlatforms) = preSolution
		Debug|Any CPU = Debug|Any CPU
		Release|Any CPU = Release|Any CPU
	EndGlobalSection
	GlobalSection(ProjectConfigurationPlatforms) = postSolution
		{AD439C29-B3C4-4E64-98BA-A5B4D4EBCCFE}.Debug|Any CPU.ActiveCfg = Debug|Any CPU
		{AD439C29-B3C4-4E64-98BA-A5B4D4EBCCFE}.Debug|Any CPU.Build.0 = Debug|Any CPU
		{AD439C29-B3C4-4E64-98BA-A5B4D4EBCCFE}.Release|Any CPU.ActiveCfg = Release|Any CPU
		{AD439C29-B3C4-4E64-98BA-A5B4D4EBCCFE}.Release|Any CPU.Build.0 = Release|Any CPU
		{10AC9567-D450-446C-9E64-6499C10D8E23}.Debug|Any CPU.ActiveCfg = Debug|Any CPU
		{10AC9567-D450-446C-9E64-6499C10D8E23}.Debug|Any CPU.Build.0 = Debug|Any CPU
		{10AC9567-D450-446C-9E64-6499C10D8E23}.Release|Any CPU.ActiveCfg = Release|Any CPU
		{10AC9567-D450-446C-9E64-6499C10D8E23}.Release|Any CPU.Build.0 = Release|Any CPU
		{7CC318A6-CB8A-4B76-9BBB-8C4E8088E1B7}.Debug|Any CPU.ActiveCfg = Debug|Any CPU
		{7CC318A6-CB8A-4B76-9BBB-8C4E8088E1B7}.Debug|Any CPU.Build.0 = Debug|Any CPU
		{7CC318A6-CB8A-4B76-9BBB-8C4E8088E1B7}.Release|Any CPU.ActiveCfg = Release|Any CPU
		{7CC318A6-CB8A-4B76-9BBB-8C4E8088E1B7}.Release|Any CPU.Build.0 = Release|Any CPU
		{A0D02971-63DC-47F3-ADA5-E037091218C6}.Debug|Any CPU.ActiveCfg = Debug|Any CPU
		{A0D02971-63DC-47F3-ADA5-E037091218C6}.Debug|Any CPU.Build.0 = Debug|Any CPU
		{A0D02971-63DC-47F3-ADA5-E037091218C6}.Release|Any CPU.ActiveCfg = Release|Any CPU
		{A0D02971-63DC-47F3-ADA5-E037091218C6}.Release|Any CPU.Build.0 = Release|Any CPU
		{5A7AC43C-0E1A-4FC0-8296-6FB6DFF07963}.Debug|Any CPU.ActiveCfg = Debug|Any CPU
		{5A7AC43C-0E1A-4FC0-8296-6FB6DFF07963}.Debug|Any CPU.Build.0 = Debug|Any CPU
		{5A7AC43C-0E1A-4FC0-8296-6FB6DFF07963}.Release|Any CPU.ActiveCfg = Release|Any CPU
		{5A7AC43C-0E1A-4FC0-8296-6FB6DFF07963}.Release|Any CPU.Build.0 = Release|Any CPU
		{77E3E79C-4A91-44E2-90D6-DEE934C4C6F8}.Debug|Any CPU.ActiveCfg = Debug|Any CPU
		{77E3E79C-4A91-44E2-90D6-DEE934C4C6F8}.Debug|Any CPU.Build.0 = Debug|Any CPU
		{77E3E79C-4A91-44E2-90D6-DEE934C4C6F8}.Release|Any CPU.ActiveCfg = Release|Any CPU
		{77E3E79C-4A91-44E2-90D6-DEE934C4C6F8}.Release|Any CPU.Build.0 = Release|Any CPU
		{BCA7048D-ACDA-473B-8EA1-52A51CCCCDD5}.Debug|Any CPU.ActiveCfg = Debug|Any CPU
		{BCA7048D-ACDA-473B-8EA1-52A51CCCCDD5}.Debug|Any CPU.Build.0 = Debug|Any CPU
		{BCA7048D-ACDA-473B-8EA1-52A51CCCCDD5}.Release|Any CPU.ActiveCfg = Release|Any CPU
		{BCA7048D-ACDA-473B-8EA1-52A51CCCCDD5}.Release|Any CPU.Build.0 = Release|Any CPU
		{DDA310FC-FACE-4123-8C50-2D1C11875742}.Debug|Any CPU.ActiveCfg = Debug|Any CPU
		{DDA310FC-FACE-4123-8C50-2D1C11875742}.Debug|Any CPU.Build.0 = Debug|Any CPU
		{DDA310FC-FACE-4123-8C50-2D1C11875742}.Release|Any CPU.ActiveCfg = Release|Any CPU
		{DDA310FC-FACE-4123-8C50-2D1C11875742}.Release|Any CPU.Build.0 = Release|Any CPU
		{6BBDC20C-754B-43F7-8912-ED7CAF2786A8}.Debug|Any CPU.ActiveCfg = Debug|Any CPU
		{6BBDC20C-754B-43F7-8912-ED7CAF2786A8}.Debug|Any CPU.Build.0 = Debug|Any CPU
		{6BBDC20C-754B-43F7-8912-ED7CAF2786A8}.Release|Any CPU.ActiveCfg = Release|Any CPU
		{6BBDC20C-754B-43F7-8912-ED7CAF2786A8}.Release|Any CPU.Build.0 = Release|Any CPU
		{35D950AA-3ABC-4294-BEC0-72CBD389970A}.Debug|Any CPU.ActiveCfg = Debug|Any CPU
		{35D950AA-3ABC-4294-BEC0-72CBD389970A}.Debug|Any CPU.Build.0 = Debug|Any CPU
		{35D950AA-3ABC-4294-BEC0-72CBD389970A}.Release|Any CPU.ActiveCfg = Release|Any CPU
		{35D950AA-3ABC-4294-BEC0-72CBD389970A}.Release|Any CPU.Build.0 = Release|Any CPU
	EndGlobalSection
	GlobalSection(SolutionProperties) = preSolution
		HideSolutionNode = FALSE
	EndGlobalSection
	GlobalSection(NestedProjects) = preSolution
		{AD439C29-B3C4-4E64-98BA-A5B4D4EBCCFE} = {6231E43C-B06E-4E37-A293-DF4DB4BC02FD}
		{10AC9567-D450-446C-9E64-6499C10D8E23} = {6231E43C-B06E-4E37-A293-DF4DB4BC02FD}
		{7CC318A6-CB8A-4B76-9BBB-8C4E8088E1B7} = {6231E43C-B06E-4E37-A293-DF4DB4BC02FD}
		{A0D02971-63DC-47F3-ADA5-E037091218C6} = {26E5887F-44D4-4541-AE6A-B52F0398A18E}
		{5A7AC43C-0E1A-4FC0-8296-6FB6DFF07963} = {26E5887F-44D4-4541-AE6A-B52F0398A18E}
		{77E3E79C-4A91-44E2-90D6-DEE934C4C6F8} = {26E5887F-44D4-4541-AE6A-B52F0398A18E}
		{BCA7048D-ACDA-473B-8EA1-52A51CCCCDD5} = {26E5887F-44D4-4541-AE6A-B52F0398A18E}
		{DDA310FC-FACE-4123-8C50-2D1C11875742} = {26E5887F-44D4-4541-AE6A-B52F0398A18E}
		{6BBDC20C-754B-43F7-8912-ED7CAF2786A8} = {26E5887F-44D4-4541-AE6A-B52F0398A18E}
		{35D950AA-3ABC-4294-BEC0-72CBD389970A} = {03656AD9-90E3-4E03-B54D-DBF67E45C46F}
	EndGlobalSection
EndGlobal
